Microsoft Visual Studio Solution File, Format Version 11.00
# Visual Studio 2008

Project("{0E5FAF56-11D4-C0EE-4079-AB65D35F821D}") = "Josh's Stuff", "Assembly-CSharp.csproj", "{F8DB1FDF-9620-ABC0-9C6D-3F1C86066599}"
EndProject
Global
	GlobalSection(SolutionConfigurationPlatforms) = preSolution
		Debug|Any CPU = Debug|Any CPU
		Release|Any CPU = Release|Any CPU
	EndGlobalSection
	GlobalSection(ProjectConfigurationPlatforms) = postSolution
		{F8DB1FDF-9620-ABC0-9C6D-3F1C86066599}.Debug|Any CPU.ActiveCfg = Debug|Any CPU
		{F8DB1FDF-9620-ABC0-9C6D-3F1C86066599}.Debug|Any CPU.Build.0 = Debug|Any CPU
		{F8DB1FDF-9620-ABC0-9C6D-3F1C86066599}.Release|Any CPU.ActiveCfg = Release|Any CPU
		{F8DB1FDF-9620-ABC0-9C6D-3F1C86066599}.Release|Any CPU.Build.0 = Release|Any CPU
	EndGlobalSection
	GlobalSection(SolutionProperties) = preSolution
		HideSolutionNode = FALSE
	EndGlobalSection
	GlobalSection(MonoDevelopProperties) = preSolution
		StartupItem = Assembly-CSharp.csproj
	EndGlobalSection
EndGlobal
